
Microsoft Visual Studio Solution File, Format Version 12.00
# Visual Studio Version 17
VisualStudioVersion = 17.7.34031.279
MinimumVisualStudioVersion = 10.0.40219.1
Project("{FAE04EC0-301F-11D3-BF4B-00C04F79EFBC}") = "Taak Klassen & Events", "Taak Klassen & Events.csproj", "{5B0C8226-D3FE-4420-AB3B-516E54C0761B}"
EndProject
Global
	GlobalSection(SolutionConfigurationPlatforms) = preSolution
		Debug|Any CPU = Debug|Any CPU
		Release|Any CPU = Release|Any CPU
	EndGlobalSection
	GlobalSection(ProjectConfigurationPlatforms) = postSolution
		{5B0C8226-D3FE-4420-AB3B-516E54C0761B}.Debug|Any CPU.ActiveCfg = Debug|Any CPU
		{5B0C8226-D3FE-4420-AB3B-516E54C0761B}.Debug|Any CPU.Build.0 = Debug|Any CPU
		{5B0C8226-D3FE-4420-AB3B-516E54C0761B}.Release|Any CPU.ActiveCfg = Release|Any CPU
		{5B0C8226-D3FE-4420-AB3B-516E54C0761B}.Release|Any CPU.Build.0 = Release|Any CPU
	EndGlobalSection
	GlobalSection(SolutionProperties) = preSolution
		HideSolutionNode = FALSE
	EndGlobalSection
	GlobalSection(ExtensibilityGlobals) = postSolution
		SolutionGuid = {C9A7F116-1544-4678-B1F3-39BC7DE63770}
	EndGlobalSection
EndGlobal
